{
  "version": 4,
  "terraform_version": "1.0.0",
  "serial": 5,
  "lineage": "09ac44e0-c753-237f-c56b-454c20901c22",
  "outputs": {},
  "resources": [
    {
      "mode": "managed",
      "type": "aws_instance",
      "name": "Git-test",
      "provider": "provider[\"registry.terraform.io/hashicorp/aws\"]",
      "instances": [
        {
          "schema_version": 1,
          "attributes": {
            "ami": "ami-02f84cf47c23f1769",
            "arn": "arn:aws:ec2:ca-central-1:756417240330:instance/i-0bb6098a22747bb3a",
            "associate_public_ip_address": true,
            "availability_zone": "ca-central-1b",
            "capacity_reservation_specification": [
              {
                "capacity_reservation_preference": "open",
                "capacity_reservation_target": []
              }
            ],
            "cpu_core_count": 1,
            "cpu_threads_per_core": 1,
            "credit_specification": [
              {
                "cpu_credits": "standard"
              }
            ],
            "disable_api_termination": false,
            "ebs_block_device": [],
            "ebs_optimized": false,
            "enclave_options": [
              {
                "enabled": false
              }
            ],
            "ephemeral_block_device": [],
            "get_password_data": false,
            "hibernation": false,
            "host_id": null,
            "iam_instance_profile": "",
            "id": "i-0bb6098a22747bb3a",
            "instance_initiated_shutdown_behavior": "stop",
            "instance_state": "running",
            "instance_type": "t2.micro",
            "ipv6_address_count": 0,
            "ipv6_addresses": [],
            "key_name": "daveimac",
            "launch_template": [],
            "metadata_options": [
              {
                "http_endpoint": "enabled",
                "http_put_response_hop_limit": 1,
                "http_tokens": "optional"
              }
            ],
            "monitoring": false,
            "network_interface": [],
            "outpost_arn": "",
            "password_data": "",
            "placement_group": "",
            "primary_network_interface_id": "eni-0cc79dc6d2dac2f86",
            "private_dns": "ip-172-31-3-187.ca-central-1.compute.internal",
            "private_ip": "172.31.3.187",
            "public_dns": "ec2-3-96-56-137.ca-central-1.compute.amazonaws.com",
            "public_ip": "3.96.56.137",
            "root_block_device": [
              {
                "delete_on_termination": true,
                "device_name": "/dev/xvda",
                "encrypted": false,
                "iops": 100,
                "kms_key_id": "",
                "tags": {},
                "throughput": 0,
                "volume_id": "vol-0b58931d5b588dbad",
                "volume_size": 8,
                "volume_type": "gp2"
              }
            ],
            "secondary_private_ips": [],
            "security_groups": [
              "dave-sec"
            ],
            "source_dest_check": true,
            "subnet_id": "subnet-4a1a6030",
            "tags": null,
            "tags_all": {},
            "tenancy": "default",
            "timeouts": null,
            "user_data": null,
            "user_data_base64": null,
            "volume_tags": null,
            "vpc_security_group_ids": [
              "sg-034c39b6e2c7197e6"
            ]
          },
          "sensitive_attributes": [],
          "private": "eyJlMmJmYjczMC1lY2FhLTExZTYtOGY4OC0zNDM2M2JjN2M0YzAiOnsiY3JlYXRlIjo2MDAwMDAwMDAwMDAsImRlbGV0ZSI6MTIwMDAwMDAwMDAwMCwidXBkYXRlIjo2MDAwMDAwMDAwMDB9LCJzY2hlbWFfdmVyc2lvbiI6IjEifQ=="
        }
      ]
    },
    {
      "mode": "managed",
      "type": "aws_key_pair",
      "name": "Git-test",
      "provider": "provider[\"registry.terraform.io/hashicorp/aws\"]",
      "instances": [
        {
          "schema_version": 1,
          "attributes": {
            "arn": "arn:aws:ec2:ca-central-1:756417240330:key-pair/Git-test",
            "fingerprint": "11:51:d3:05:1a:c8:a8:4e:c7:d9:d6:9b:b9:d1:dc:bf",
            "id": "Git-test",
            "key_name": "Git-test",
            "key_name_prefix": null,
            "key_pair_id": "key-056a9c28bfaae6cb0",
            "public_key": "ssh-rsa AAAAB3NzaC1yc2EAAAADAQABAAABgQDsgp3jOY3vF3wFV3Ffg2HrK+7lLNn9gjdn1/REzs2t7rMJruBXGrLE/Ju8lDHC6n1XxiHEZhCUv4QMcJy8+HoI5Zmqda/nRRnbsWfI2rCfezExG2AQr5tOJBZBBp+dAUF6VQ7N9M8aKKEzpgXRx2JbBPQhcGmBgyNza3a94zLXnq+A+U/MKYkslHu9ausSDvjlUZtj0k5YBGtWbTFR47LodjH6JRdk7CFs1BiueRd19IzQI7ofbZiV1chN1HdK6g+Rk4srwKnGmJLaNaNzGlaMpehg5M4f9LtPJnrN7PWefzLdzVgajJ1qLKqTHeBCKQMPeE7YRbNcH9xnna0s+4kMHrmVvwBA5Sfy54UZ6cEZF3Z0ZvlKpmsZP2NY+eEHB+qGlX9g/EBbHl/DNZ3Ra3wOE7zmEDMtWNeeyHIL4yTFeKFy2rI/mr0ilzoY8W7a3J1hjYVXtPQsbisDlzHL+/q22mJlLAcVjIbrtpYGpzfHpGUu29aRvrBUDbRsftujr0U= imac@iMacs-iMac.local",
            "tags": null,
            "tags_all": {}
          },
          "sensitive_attributes": [],
          "private": "eyJzY2hlbWFfdmVyc2lvbiI6IjEifQ=="
        }
      ]
    },
    {
      "mode": "managed",
      "type": "aws_security_group",
      "name": "github-sec-group",
      "provider": "provider[\"registry.terraform.io/hashicorp/aws\"]",
      "instances": [
        {
          "schema_version": 1,
          "attributes": {
            "arn": "arn:aws:ec2:ca-central-1:756417240330:security-group/sg-0f1d30b94ae59ac2b",
            "description": "github test",
            "egress": [],
            "id": "sg-0f1d30b94ae59ac2b",
            "ingress": [],
            "name": "github-sec-group",
            "name_prefix": "",
            "owner_id": "756417240330",
            "revoke_rules_on_delete": false,
            "tags": null,
            "tags_all": {},
            "timeouts": null,
            "vpc_id": "vpc-01a8e390070c7ce38"
          },
          "sensitive_attributes": [],
          "private": "eyJlMmJmYjczMC1lY2FhLTExZTYtOGY4OC0zNDM2M2JjN2M0YzAiOnsiY3JlYXRlIjo2MDAwMDAwMDAwMDAsImRlbGV0ZSI6OTAwMDAwMDAwMDAwfSwic2NoZW1hX3ZlcnNpb24iOiIxIn0=",
          "dependencies": [
            "aws_vpc.Git-test"
          ]
        }
      ]
    },
    {
      "mode": "managed",
      "type": "aws_vpc",
      "name": "Git-test",
      "provider": "provider[\"registry.terraform.io/hashicorp/aws\"]",
      "instances": [
        {
          "schema_version": 1,
          "attributes": {
            "arn": "arn:aws:ec2:ca-central-1:756417240330:vpc/vpc-01a8e390070c7ce38",
            "assign_generated_ipv6_cidr_block": false,
            "cidr_block": "10.0.0.0/16",
            "default_network_acl_id": "acl-031d839b710c24f24",
            "default_route_table_id": "rtb-0adef5cb999faa3d3",
            "default_security_group_id": "sg-0b7876e3a21afbfeb",
            "dhcp_options_id": "dopt-b5ebfbdd",
            "enable_classiclink": null,
            "enable_classiclink_dns_support": null,
            "enable_dns_hostnames": false,
            "enable_dns_support": true,
            "id": "vpc-01a8e390070c7ce38",
            "instance_tenancy": "default",
            "ipv6_association_id": "",
            "ipv6_cidr_block": "",
            "main_route_table_id": "rtb-0adef5cb999faa3d3",
            "owner_id": "756417240330",
            "tags": null,
            "tags_all": {}
          },
          "sensitive_attributes": [],
          "private": "eyJzY2hlbWFfdmVyc2lvbiI6IjEifQ=="
        }
      ]
    }
  ]
}
